
Microsoft Visual Studio Solution File, Format Version 12.00
# Visual Studio 15
VisualStudioVersion = 15.0.28307.757
MinimumVisualStudioVersion = 10.0.40219.1
Project("{F184B08F-C81C-45F6-A57F-5ABD9991F28F}") = "PETROMIN STATION", "PETROMIN STATION\PETROMIN STATION.vbproj", "{83B14552-B5AF-40B9-8048-53C7F2882A73}"
EndProject
Global
	GlobalSection(SolutionConfigurationPlatforms) = preSolution
		Debug|Any CPU = Debug|Any CPU
		Debug|x86 = Debug|x86
		Release|Any CPU = Release|Any CPU
		Release|x86 = Release|x86
	EndGlobalSection
	GlobalSection(ProjectConfigurationPlatforms) = postSolution
		{83B14552-B5AF-40B9-8048-53C7F2882A73}.Debug|Any CPU.ActiveCfg = Debug|Any CPU
		{83B14552-B5AF-40B9-8048-53C7F2882A73}.Debug|Any CPU.Build.0 = Debug|Any CPU
		{83B14552-B5AF-40B9-8048-53C7F2882A73}.Debug|x86.ActiveCfg = Debug|x86
		{83B14552-B5AF-40B9-8048-53C7F2882A73}.Debug|x86.Build.0 = Debug|x86
		{83B14552-B5AF-40B9-8048-53C7F2882A73}.Release|Any CPU.ActiveCfg = Release|Any CPU
		{83B14552-B5AF-40B9-8048-53C7F2882A73}.Release|Any CPU.Build.0 = Release|Any CPU
		{83B14552-B5AF-40B9-8048-53C7F2882A73}.Release|x86.ActiveCfg = Release|x86
		{83B14552-B5AF-40B9-8048-53C7F2882A73}.Release|x86.Build.0 = Release|x86
	EndGlobalSection
	GlobalSection(SolutionProperties) = preSolution
		HideSolutionNode = FALSE
	EndGlobalSection
	GlobalSection(ExtensibilityGlobals) = postSolution
		SolutionGuid = {88935618-176A-40A8-A1C5-599744C53600}
	EndGlobalSection
EndGlobal
